
Microsoft Visual Studio Solution File, Format Version 12.00
# Visual Studio Version 16
VisualStudioVersion = 16.0.30804.86
MinimumVisualStudioVersion = 10.0.40219.1
Project("{FAE04EC0-301F-11D3-BF4B-00C04F79EFBC}") = "ClassMetotDemo", "ClassMetotDemo\ClassMetotDemo.csproj", "{8AA7888F-27A9-409C-9F1A-8F19B7988F19}"
EndProject
Global
	GlobalSection(SolutionConfigurationPlatforms) = preSolution
		Debug|Any CPU = Debug|Any CPU
		Release|Any CPU = Release|Any CPU
	EndGlobalSection
	GlobalSection(ProjectConfigurationPlatforms) = postSolution
		{8AA7888F-27A9-409C-9F1A-8F19B7988F19}.Debug|Any CPU.ActiveCfg = Debug|Any CPU
		{8AA7888F-27A9-409C-9F1A-8F19B7988F19}.Debug|Any CPU.Build.0 = Debug|Any CPU
		{8AA7888F-27A9-409C-9F1A-8F19B7988F19}.Release|Any CPU.ActiveCfg = Release|Any CPU
		{8AA7888F-27A9-409C-9F1A-8F19B7988F19}.Release|Any CPU.Build.0 = Release|Any CPU
	EndGlobalSection
	GlobalSection(SolutionProperties) = preSolution
		HideSolutionNode = FALSE
	EndGlobalSection
	GlobalSection(ExtensibilityGlobals) = postSolution
		SolutionGuid = {D812B252-1DEC-4123-8820-BAFC7115134C}
	EndGlobalSection
EndGlobal
